// !$*UTF8*$!
{
	archiveVersion = 1;
	classes = {
	};
	objectVersion = 56;
	objects = {

/* Begin PBXBuildFile section */
		CC2A74AC2A7DBF6B00F0A187 /* ImageGridView.swift in Sources */ = {isa = PBXBuildFile; fileRef = CC2A74AB2A7DBF6B00F0A187 /* ImageGridView.swift */; };
		CC2A74AE2A7DC7EC00F0A187 /* UploadView.swift in Sources */ = {isa = PBXBuildFile; fileRef = CC2A74AD2A7DC7EC00F0A187 /* UploadView.swift */; };
		CC2A74B02A7DD74500F0A187 /* ImagePicker.swift in Sources */ = {isa = PBXBuildFile; fileRef = CC2A74AF2A7DD74500F0A187 /* ImagePicker.swift */; };
		CC2B79BE2A96F63100E7AF7C /* GoogleService-Info.plist in Resources */ = {isa = PBXBuildFile; fileRef = CC2B79BD2A96F63100E7AF7C /* GoogleService-Info.plist */; };
		CC2B79C12A96F8A300E7AF7C /* FirebaseAnalytics in Frameworks */ = {isa = PBXBuildFile; productRef = CC2B79C02A96F8A300E7AF7C /* FirebaseAnalytics */; };
		CC2B79C32A96F8A300E7AF7C /* FirebaseAuth in Frameworks */ = {isa = PBXBuildFile; productRef = CC2B79C22A96F8A300E7AF7C /* FirebaseAuth */; };
		CC2B79C52A96F8A300E7AF7C /* FirebaseFirestore in Frameworks */ = {isa = PBXBuildFile; productRef = CC2B79C42A96F8A300E7AF7C /* FirebaseFirestore */; };
		CC2B79C72A96F8A300E7AF7C /* FirebaseFirestoreSwift in Frameworks */ = {isa = PBXBuildFile; productRef = CC2B79C62A96F8A300E7AF7C /* FirebaseFirestoreSwift */; };
		CC2B79C92A96F8A300E7AF7C /* FirebaseStorage in Frameworks */ = {isa = PBXBuildFile; productRef = CC2B79C82A96F8A300E7AF7C /* FirebaseStorage */; };
		CC2B79CD2A96FD2F00E7AF7C /* SignInWithApple.swift in Sources */ = {isa = PBXBuildFile; fileRef = CC2B79CC2A96FD2F00E7AF7C /* SignInWithApple.swift */; };
		CC2B79D02A9707F800E7AF7C /* SignInWithGoogle.swift in Sources */ = {isa = PBXBuildFile; fileRef = CC2B79CF2A9707F800E7AF7C /* SignInWithGoogle.swift */; };
		CC2B79D32A97088800E7AF7C /* GoogleSignIn in Frameworks */ = {isa = PBXBuildFile; productRef = CC2B79D22A97088800E7AF7C /* GoogleSignIn */; };
		CC2B79D52A97088800E7AF7C /* GoogleSignInSwift in Frameworks */ = {isa = PBXBuildFile; productRef = CC2B79D42A97088800E7AF7C /* GoogleSignInSwift */; };
		CC2B79DB2A98530E00E7AF7C /* AuthService.swift in Sources */ = {isa = PBXBuildFile; fileRef = CC2B79DA2A98530E00E7AF7C /* AuthService.swift */; };
		CC2B79DD2A9863D600E7AF7C /* Enums & Structs.swift in Sources */ = {isa = PBXBuildFile; fileRef = CC2B79DC2A9863D600E7AF7C /* Enums & Structs.swift */; };
		CC2B79E02A986A2B00E7AF7C /* ImageManager.swift in Sources */ = {isa = PBXBuildFile; fileRef = CC2B79DF2A986A2B00E7AF7C /* ImageManager.swift */; };
		CC33D2D22A8075B900826437 /* ProfileView.swift in Sources */ = {isa = PBXBuildFile; fileRef = CC33D2D12A8075B900826437 /* ProfileView.swift */; };
		CC33D2D42A8077E900826437 /* ProfileHeaderView.swift in Sources */ = {isa = PBXBuildFile; fileRef = CC33D2D32A8077E900826437 /* ProfileHeaderView.swift */; };
		CC35220B2A848D160008FA94 /* SettingsEditTextView.swift in Sources */ = {isa = PBXBuildFile; fileRef = CC35220A2A848D160008FA94 /* SettingsEditTextView.swift */; };
		CC54516C2A85CB0000AEFC1B /* SettingsEditImageView..swift in Sources */ = {isa = PBXBuildFile; fileRef = CC54516B2A85CB0000AEFC1B /* SettingsEditImageView..swift */; };
		CC90C8802A7F54AA00976FF5 /* PostImageView.swift in Sources */ = {isa = PBXBuildFile; fileRef = CC90C87F2A7F54AA00976FF5 /* PostImageView.swift */; };
		CCB31AE92A7B369C005080A0 /* PuppyGramApp.swift in Sources */ = {isa = PBXBuildFile; fileRef = CCB31AE82A7B369C005080A0 /* PuppyGramApp.swift */; };
		CCB31AEB2A7B369C005080A0 /* ContentView.swift in Sources */ = {isa = PBXBuildFile; fileRef = CCB31AEA2A7B369C005080A0 /* ContentView.swift */; };
		CCB31AED2A7B369E005080A0 /* Assets.xcassets in Resources */ = {isa = PBXBuildFile; fileRef = CCB31AEC2A7B369E005080A0 /* Assets.xcassets */; };
		CCB31AF02A7B369E005080A0 /* Preview Assets.xcassets in Resources */ = {isa = PBXBuildFile; fileRef = CCB31AEF2A7B369E005080A0 /* Preview Assets.xcassets */; };
		CCB31AF72A7B3985005080A0 /* LaunchScreen.storyboard in Resources */ = {isa = PBXBuildFile; fileRef = CCB31AF62A7B3985005080A0 /* LaunchScreen.storyboard */; };
		CCB31AFD2A7B3DCA005080A0 /* Extensions.swift in Sources */ = {isa = PBXBuildFile; fileRef = CCB31AFC2A7B3DCA005080A0 /* Extensions.swift */; };
		CCB31B012A7B406D005080A0 /* FeedView.swift in Sources */ = {isa = PBXBuildFile; fileRef = CCB31B002A7B406D005080A0 /* FeedView.swift */; };
		CCB31B032A7B42BA005080A0 /* PostView.swift in Sources */ = {isa = PBXBuildFile; fileRef = CCB31B022A7B42BA005080A0 /* PostView.swift */; };
		CCB31B072A7C7BC7005080A0 /* PostModel.swift in Sources */ = {isa = PBXBuildFile; fileRef = CCB31B062A7C7BC7005080A0 /* PostModel.swift */; };
		CCB31B092A7C7F3D005080A0 /* PostArrayObject.swift in Sources */ = {isa = PBXBuildFile; fileRef = CCB31B082A7C7F3D005080A0 /* PostArrayObject.swift */; };
		CCB31B0D2A7C834B005080A0 /* CommentsView.swift in Sources */ = {isa = PBXBuildFile; fileRef = CCB31B0C2A7C834B005080A0 /* CommentsView.swift */; };
		CCB31B0F2A7C8634005080A0 /* MessageView.swift in Sources */ = {isa = PBXBuildFile; fileRef = CCB31B0E2A7C8634005080A0 /* MessageView.swift */; };
		CCB31B112A7C8803005080A0 /* CommentModel.swift in Sources */ = {isa = PBXBuildFile; fileRef = CCB31B102A7C8803005080A0 /* CommentModel.swift */; };
		CCB31B132A7C8FFE005080A0 /* BrowseView.swift in Sources */ = {isa = PBXBuildFile; fileRef = CCB31B122A7C8FFE005080A0 /* BrowseView.swift */; };
		CCB31B152A7C90C5005080A0 /* CarouselView.swift in Sources */ = {isa = PBXBuildFile; fileRef = CCB31B142A7C90C5005080A0 /* CarouselView.swift */; };
		CCD6C6D12A830D350035DBBB /* XMarkButton.swift in Sources */ = {isa = PBXBuildFile; fileRef = CCD6C6D02A830D350035DBBB /* XMarkButton.swift */; };
		CCD6C6D32A83123E0035DBBB /* SettingsView.swift in Sources */ = {isa = PBXBuildFile; fileRef = CCD6C6D22A83123E0035DBBB /* SettingsView.swift */; };
		CCD6C6D52A8314D50035DBBB /* SettingsLabelView.swift in Sources */ = {isa = PBXBuildFile; fileRef = CCD6C6D42A8314D50035DBBB /* SettingsLabelView.swift */; };
		CCD6C6D72A83196E0035DBBB /* SettingsRowView.swift in Sources */ = {isa = PBXBuildFile; fileRef = CCD6C6D62A83196E0035DBBB /* SettingsRowView.swift */; };
		CCE2B9442A8D983400D5BC70 /* LikeAnimationView.swift in Sources */ = {isa = PBXBuildFile; fileRef = CCE2B9432A8D983400D5BC70 /* LikeAnimationView.swift */; };
		CCE65AA02A87163E00448AD0 /* OnboardingView.swift in Sources */ = {isa = PBXBuildFile; fileRef = CCE65A9F2A87163E00448AD0 /* OnboardingView.swift */; };
		CCE65AA42A8719CA00448AD0 /* AppleSignInButton.swift in Sources */ = {isa = PBXBuildFile; fileRef = CCE65AA32A8719CA00448AD0 /* AppleSignInButton.swift */; };
		CCE65AA62A871EA200448AD0 /* OnboardingView2.swift in Sources */ = {isa = PBXBuildFile; fileRef = CCE65AA52A871EA200448AD0 /* OnboardingView2.swift */; };
		CCE65AA82A87278700448AD0 /* SignUpView.swift in Sources */ = {isa = PBXBuildFile; fileRef = CCE65AA72A87278700448AD0 /* SignUpView.swift */; };
/* End PBXBuildFile section */

/* Begin PBXFileReference section */
		CC2A74AB2A7DBF6B00F0A187 /* ImageGridView.swift */ = {isa = PBXFileReference; lastKnownFileType = sourcecode.swift; path = ImageGridView.swift; sourceTree = "<group>"; };
		CC2A74AD2A7DC7EC00F0A187 /* UploadView.swift */ = {isa = PBXFileReference; lastKnownFileType = sourcecode.swift; path = UploadView.swift; sourceTree = "<group>"; };
		CC2A74AF2A7DD74500F0A187 /* ImagePicker.swift */ = {isa = PBXFileReference; lastKnownFileType = sourcecode.swift; path = ImagePicker.swift; sourceTree = "<group>"; };
		CC2B79BD2A96F63100E7AF7C /* GoogleService-Info.plist */ = {isa = PBXFileReference; fileEncoding = 4; lastKnownFileType = text.plist.xml; path = "GoogleService-Info.plist"; sourceTree = "<group>"; };
		CC2B79CA2A96FC1100E7AF7C /* PuppyGram.entitlements */ = {isa = PBXFileReference; lastKnownFileType = text.plist.entitlements; path = PuppyGram.entitlements; sourceTree = "<group>"; };
		CC2B79CC2A96FD2F00E7AF7C /* SignInWithApple.swift */ = {isa = PBXFileReference; lastKnownFileType = sourcecode.swift; path = SignInWithApple.swift; sourceTree = "<group>"; };
		CC2B79CF2A9707F800E7AF7C /* SignInWithGoogle.swift */ = {isa = PBXFileReference; lastKnownFileType = sourcecode.swift; path = SignInWithGoogle.swift; sourceTree = "<group>"; };
		CC2B79D62A9708E500E7AF7C /* Info.plist */ = {isa = PBXFileReference; lastKnownFileType = text.plist; path = Info.plist; sourceTree = "<group>"; };
		CC2B79DA2A98530E00E7AF7C /* AuthService.swift */ = {isa = PBXFileReference; lastKnownFileType = sourcecode.swift; path = AuthService.swift; sourceTree = "<group>"; };
		CC2B79DC2A9863D600E7AF7C /* Enums & Structs.swift */ = {isa = PBXFileReference; lastKnownFileType = sourcecode.swift; path = "Enums & Structs.swift"; sourceTree = "<group>"; };
		CC2B79DF2A986A2B00E7AF7C /* ImageManager.swift */ = {isa = PBXFileReference; lastKnownFileType = sourcecode.swift; path = ImageManager.swift; sourceTree = "<group>"; };
		CC33D2D12A8075B900826437 /* ProfileView.swift */ = {isa = PBXFileReference; lastKnownFileType = sourcecode.swift; path = ProfileView.swift; sourceTree = "<group>"; };
		CC33D2D32A8077E900826437 /* ProfileHeaderView.swift */ = {isa = PBXFileReference; lastKnownFileType = sourcecode.swift; path = ProfileHeaderView.swift; sourceTree = "<group>"; };
		CC35220A2A848D160008FA94 /* SettingsEditTextView.swift */ = {isa = PBXFileReference; lastKnownFileType = sourcecode.swift; path = SettingsEditTextView.swift; sourceTree = "<group>"; };
		CC54516B2A85CB0000AEFC1B /* SettingsEditImageView..swift */ = {isa = PBXFileReference; lastKnownFileType = sourcecode.swift; path = SettingsEditImageView..swift; sourceTree = "<group>"; };
		CC90C87F2A7F54AA00976FF5 /* PostImageView.swift */ = {isa = PBXFileReference; lastKnownFileType = sourcecode.swift; path = PostImageView.swift; sourceTree = "<group>"; };
		CCB31AE52A7B369C005080A0 /* PuppyGram.app */ = {isa = PBXFileReference; explicitFileType = wrapper.application; includeInIndex = 0; path = PuppyGram.app; sourceTree = BUILT_PRODUCTS_DIR; };
		CCB31AE82A7B369C005080A0 /* PuppyGramApp.swift */ = {isa = PBXFileReference; lastKnownFileType = sourcecode.swift; path = PuppyGramApp.swift; sourceTree = "<group>"; };
		CCB31AEA2A7B369C005080A0 /* ContentView.swift */ = {isa = PBXFileReference; lastKnownFileType = sourcecode.swift; path = ContentView.swift; sourceTree = "<group>"; };
		CCB31AEC2A7B369E005080A0 /* Assets.xcassets */ = {isa = PBXFileReference; lastKnownFileType = folder.assetcatalog; path = Assets.xcassets; sourceTree = "<group>"; };
		CCB31AEF2A7B369E005080A0 /* Preview Assets.xcassets */ = {isa = PBXFileReference; lastKnownFileType = folder.assetcatalog; path = "Preview Assets.xcassets"; sourceTree = "<group>"; };
		CCB31AF62A7B3985005080A0 /* LaunchScreen.storyboard */ = {isa = PBXFileReference; lastKnownFileType = file.storyboard; path = LaunchScreen.storyboard; sourceTree = "<group>"; };
		CCB31AFC2A7B3DCA005080A0 /* Extensions.swift */ = {isa = PBXFileReference; lastKnownFileType = sourcecode.swift; path = Extensions.swift; sourceTree = "<group>"; };
		CCB31B002A7B406D005080A0 /* FeedView.swift */ = {isa = PBXFileReference; lastKnownFileType = sourcecode.swift; path = FeedView.swift; sourceTree = "<group>"; };
		CCB31B022A7B42BA005080A0 /* PostView.swift */ = {isa = PBXFileReference; lastKnownFileType = sourcecode.swift; path = PostView.swift; sourceTree = "<group>"; };
		CCB31B062A7C7BC7005080A0 /* PostModel.swift */ = {isa = PBXFileReference; lastKnownFileType = sourcecode.swift; path = PostModel.swift; sourceTree = "<group>"; };
		CCB31B082A7C7F3D005080A0 /* PostArrayObject.swift */ = {isa = PBXFileReference; lastKnownFileType = sourcecode.swift; path = PostArrayObject.swift; sourceTree = "<group>"; };
		CCB31B0C2A7C834B005080A0 /* CommentsView.swift */ = {isa = PBXFileReference; lastKnownFileType = sourcecode.swift; path = CommentsView.swift; sourceTree = "<group>"; };
		CCB31B0E2A7C8634005080A0 /* MessageView.swift */ = {isa = PBXFileReference; lastKnownFileType = sourcecode.swift; path = MessageView.swift; sourceTree = "<group>"; };
		CCB31B102A7C8803005080A0 /* CommentModel.swift */ = {isa = PBXFileReference; lastKnownFileType = sourcecode.swift; path = CommentModel.swift; sourceTree = "<group>"; };
		CCB31B122A7C8FFE005080A0 /* BrowseView.swift */ = {isa = PBXFileReference; lastKnownFileType = sourcecode.swift; path = BrowseView.swift; sourceTree = "<group>"; };
		CCB31B142A7C90C5005080A0 /* CarouselView.swift */ = {isa = PBXFileReference; lastKnownFileType = sourcecode.swift; path = CarouselView.swift; sourceTree = "<group>"; };
		CCD6C6D02A830D350035DBBB /* XMarkButton.swift */ = {isa = PBXFileReference; lastKnownFileType = sourcecode.swift; path = XMarkButton.swift; sourceTree = "<group>"; };
		CCD6C6D22A83123E0035DBBB /* SettingsView.swift */ = {isa = PBXFileReference; lastKnownFileType = sourcecode.swift; path = SettingsView.swift; sourceTree = "<group>"; };
		CCD6C6D42A8314D50035DBBB /* SettingsLabelView.swift */ = {isa = PBXFileReference; lastKnownFileType = sourcecode.swift; path = SettingsLabelView.swift; sourceTree = "<group>"; };
		CCD6C6D62A83196E0035DBBB /* SettingsRowView.swift */ = {isa = PBXFileReference; lastKnownFileType = sourcecode.swift; path = SettingsRowView.swift; sourceTree = "<group>"; };
		CCE2B9432A8D983400D5BC70 /* LikeAnimationView.swift */ = {isa = PBXFileReference; lastKnownFileType = sourcecode.swift; path = LikeAnimationView.swift; sourceTree = "<group>"; };
		CCE65A9F2A87163E00448AD0 /* OnboardingView.swift */ = {isa = PBXFileReference; lastKnownFileType = sourcecode.swift; path = OnboardingView.swift; sourceTree = "<group>"; };
		CCE65AA32A8719CA00448AD0 /* AppleSignInButton.swift */ = {isa = PBXFileReference; lastKnownFileType = sourcecode.swift; path = AppleSignInButton.swift; sourceTree = "<group>"; };
		CCE65AA52A871EA200448AD0 /* OnboardingView2.swift */ = {isa = PBXFileReference; lastKnownFileType = sourcecode.swift; path = OnboardingView2.swift; sourceTree = "<group>"; };
		CCE65AA72A87278700448AD0 /* SignUpView.swift */ = {isa = PBXFileReference; lastKnownFileType = sourcecode.swift; path = SignUpView.swift; sourceTree = "<group>"; };
/* End PBXFileReference section */

/* Begin PBXFrameworksBuildPhase section */
		CCB31AE22A7B369C005080A0 /* Frameworks */ = {
			isa = PBXFrameworksBuildPhase;
			buildActionMask = 2147483647;
			files = (
				CC2B79C12A96F8A300E7AF7C /* FirebaseAnalytics in Frameworks */,
				CC2B79C32A96F8A300E7AF7C /* FirebaseAuth in Frameworks */,
				CC2B79D52A97088800E7AF7C /* GoogleSignInSwift in Frameworks */,
				CC2B79C52A96F8A300E7AF7C /* FirebaseFirestore in Frameworks */,
				CC2B79C92A96F8A300E7AF7C /* FirebaseStorage in Frameworks */,
				CC2B79C72A96F8A300E7AF7C /* FirebaseFirestoreSwift in Frameworks */,
				CC2B79D32A97088800E7AF7C /* GoogleSignIn in Frameworks */,
			);
			runOnlyForDeploymentPostprocessing = 0;
		};
/* End PBXFrameworksBuildPhase section */

/* Begin PBXGroup section */
		CC2B79CB2A96FCFB00E7AF7C /* Services */ = {
			isa = PBXGroup;
			children = (
				CC2B79D72A9852BE00E7AF7C /* Firebase */,
				CC2B79CE2A96FD3700E7AF7C /* SignInProviders */,
			);
			path = Services;
			sourceTree = "<group>";
		};
		CC2B79CE2A96FD3700E7AF7C /* SignInProviders */ = {
			isa = PBXGroup;
			children = (
				CC2B79CC2A96FD2F00E7AF7C /* SignInWithApple.swift */,
				CC2B79CF2A9707F800E7AF7C /* SignInWithGoogle.swift */,
			);
			name = SignInProviders;
			sourceTree = "<group>";
		};
		CC2B79D72A9852BE00E7AF7C /* Firebase */ = {
			isa = PBXGroup;
			children = (
				CC2B79DA2A98530E00E7AF7C /* AuthService.swift */,
			);
			name = Firebase;
			sourceTree = "<group>";
		};
		CC2B79DE2A986A1600E7AF7C /* Utilities */ = {
			isa = PBXGroup;
			children = (
				CC2B79DF2A986A2B00E7AF7C /* ImageManager.swift */,
			);
			path = Utilities;
			sourceTree = "<group>";
		};
		CCB31ADC2A7B369C005080A0 = {
			isa = PBXGroup;
			children = (
				CCB31AE72A7B369C005080A0 /* PuppyGram */,
				CCB31AE62A7B369C005080A0 /* Products */,
			);
			sourceTree = "<group>";
		};
		CCB31AE62A7B369C005080A0 /* Products */ = {
			isa = PBXGroup;
			children = (
				CCB31AE52A7B369C005080A0 /* PuppyGram.app */,
			);
			name = Products;
			sourceTree = "<group>";
		};
		CCB31AE72A7B369C005080A0 /* PuppyGram */ = {
			isa = PBXGroup;
			children = (
				CC2B79DE2A986A1600E7AF7C /* Utilities */,
				CC2B79D62A9708E500E7AF7C /* Info.plist */,
				CC2B79CB2A96FCFB00E7AF7C /* Services */,
				CC2B79CA2A96FC1100E7AF7C /* PuppyGram.entitlements */,
				CCB31B052A7C7BAA005080A0 /* PostModel */,
				CCB31AFB2A7B3DA2005080A0 /* Helpers */,
				CCB31AF82A7B3B47005080A0 /* Views */,
				CCB31AEC2A7B369E005080A0 /* Assets.xcassets */,
				CC2B79BD2A96F63100E7AF7C /* GoogleService-Info.plist */,
				CCB31AE82A7B369C005080A0 /* PuppyGramApp.swift */,
				CCB31AEE2A7B369E005080A0 /* Preview Content */,
				CCB31AF62A7B3985005080A0 /* LaunchScreen.storyboard */,
			);
			path = PuppyGram;
			sourceTree = "<group>";
		};
		CCB31AEE2A7B369E005080A0 /* Preview Content */ = {
			isa = PBXGroup;
			children = (
				CCB31AEF2A7B369E005080A0 /* Preview Assets.xcassets */,
			);
			path = "Preview Content";
			sourceTree = "<group>";
		};
		CCB31AF82A7B3B47005080A0 /* Views */ = {
			isa = PBXGroup;
			children = (
				CCB31AFA2A7B3B76005080A0 /* Subviews */,
				CCB31AF92A7B3B53005080A0 /* Screens */,
			);
			path = Views;
			sourceTree = "<group>";
		};
		CCB31AF92A7B3B53005080A0 /* Screens */ = {
			isa = PBXGroup;
			children = (
				CCB31AEA2A7B369C005080A0 /* ContentView.swift */,
				CCB31B002A7B406D005080A0 /* FeedView.swift */,
				CCB31B0C2A7C834B005080A0 /* CommentsView.swift */,
				CCB31B122A7C8FFE005080A0 /* BrowseView.swift */,
				CC2A74AD2A7DC7EC00F0A187 /* UploadView.swift */,
				CC90C87F2A7F54AA00976FF5 /* PostImageView.swift */,
				CC33D2D12A8075B900826437 /* ProfileView.swift */,
				CCD6C6D22A83123E0035DBBB /* SettingsView.swift */,
				CCE65A9F2A87163E00448AD0 /* OnboardingView.swift */,
				CCE65AA52A871EA200448AD0 /* OnboardingView2.swift */,
				CCE65AA72A87278700448AD0 /* SignUpView.swift */,
			);
			path = Screens;
			sourceTree = "<group>";
		};
		CCB31AFA2A7B3B76005080A0 /* Subviews */ = {
			isa = PBXGroup;
			children = (
				CCB31B022A7B42BA005080A0 /* PostView.swift */,
				CCB31B0E2A7C8634005080A0 /* MessageView.swift */,
				CCB31B142A7C90C5005080A0 /* CarouselView.swift */,
				CC2A74AB2A7DBF6B00F0A187 /* ImageGridView.swift */,
				CC33D2D32A8077E900826437 /* ProfileHeaderView.swift */,
				CCD6C6D02A830D350035DBBB /* XMarkButton.swift */,
				CCD6C6D42A8314D50035DBBB /* SettingsLabelView.swift */,
				CCD6C6D62A83196E0035DBBB /* SettingsRowView.swift */,
				CC35220A2A848D160008FA94 /* SettingsEditTextView.swift */,
				CC54516B2A85CB0000AEFC1B /* SettingsEditImageView..swift */,
				CCE65AA32A8719CA00448AD0 /* AppleSignInButton.swift */,
				CCE2B9432A8D983400D5BC70 /* LikeAnimationView.swift */,
			);
			path = Subviews;
			sourceTree = "<group>";
		};
		CCB31AFB2A7B3DA2005080A0 /* Helpers */ = {
			isa = PBXGroup;
			children = (
				CCB31AFC2A7B3DCA005080A0 /* Extensions.swift */,
				CC2A74AF2A7DD74500F0A187 /* ImagePicker.swift */,
				CC2B79DC2A9863D600E7AF7C /* Enums & Structs.swift */,
			);
			path = Helpers;
			sourceTree = "<group>";
		};
		CCB31B052A7C7BAA005080A0 /* PostModel */ = {
			isa = PBXGroup;
			children = (
				CCB31B062A7C7BC7005080A0 /* PostModel.swift */,
				CCB31B082A7C7F3D005080A0 /* PostArrayObject.swift */,
				CCB31B102A7C8803005080A0 /* CommentModel.swift */,
			);
			path = PostModel;
			sourceTree = "<group>";
		};
/* End PBXGroup section */

/* Begin PBXNativeTarget section */
		CCB31AE42A7B369C005080A0 /* PuppyGram */ = {
			isa = PBXNativeTarget;
			buildConfigurationList = CCB31AF32A7B369E005080A0 /* Build configuration list for PBXNativeTarget "PuppyGram" */;
			buildPhases = (
				CCB31AE12A7B369C005080A0 /* Sources */,
				CCB31AE22A7B369C005080A0 /* Frameworks */,
				CCB31AE32A7B369C005080A0 /* Resources */,
			);
			buildRules = (
			);
			dependencies = (
			);
			name = PuppyGram;
			packageProductDependencies = (
				CC2B79C02A96F8A300E7AF7C /* FirebaseAnalytics */,
				CC2B79C22A96F8A300E7AF7C /* FirebaseAuth */,
				CC2B79C42A96F8A300E7AF7C /* FirebaseFirestore */,
				CC2B79C62A96F8A300E7AF7C /* FirebaseFirestoreSwift */,
				CC2B79C82A96F8A300E7AF7C /* FirebaseStorage */,
				CC2B79D22A97088800E7AF7C /* GoogleSignIn */,
				CC2B79D42A97088800E7AF7C /* GoogleSignInSwift */,
			);
			productName = PuppyGram;
			productReference = CCB31AE52A7B369C005080A0 /* PuppyGram.app */;
			productType = "com.apple.product-type.application";
		};
/* End PBXNativeTarget section */

/* Begin PBXProject section */
		CCB31ADD2A7B369C005080A0 /* Project object */ = {
			isa = PBXProject;
			attributes = {
				BuildIndependentTargetsInParallel = 1;
				LastSwiftUpdateCheck = 1430;
				LastUpgradeCheck = 1430;
				TargetAttributes = {
					CCB31AE42A7B369C005080A0 = {
						CreatedOnToolsVersion = 14.3.1;
					};
				};
			};
			buildConfigurationList = CCB31AE02A7B369C005080A0 /* Build configuration list for PBXProject "PuppyGram" */;
			compatibilityVersion = "Xcode 14.0";
			developmentRegion = en;
			hasScannedForEncodings = 0;
			knownRegions = (
				en,
				Base,
			);
			mainGroup = CCB31ADC2A7B369C005080A0;
			packageReferences = (
				CC2B79BF2A96F8A300E7AF7C /* XCRemoteSwiftPackageReference "firebase-ios-sdk" */,
				CC2B79D12A97088800E7AF7C /* XCRemoteSwiftPackageReference "GoogleSignIn-iOS" */,
			);
			productRefGroup = CCB31AE62A7B369C005080A0 /* Products */;
			projectDirPath = "";
			projectRoot = "";
			targets = (
				CCB31AE42A7B369C005080A0 /* PuppyGram */,
			);
		};
/* End PBXProject section */

/* Begin PBXResourcesBuildPhase section */
		CCB31AE32A7B369C005080A0 /* Resources */ = {
			isa = PBXResourcesBuildPhase;
			buildActionMask = 2147483647;
			files = (
				CCB31AF72A7B3985005080A0 /* LaunchScreen.storyboard in Resources */,
				CCB31AF02A7B369E005080A0 /* Preview Assets.xcassets in Resources */,
				CCB31AED2A7B369E005080A0 /* Assets.xcassets in Resources */,
				CC2B79BE2A96F63100E7AF7C /* GoogleService-Info.plist in Resources */,
			);
			runOnlyForDeploymentPostprocessing = 0;
		};
/* End PBXResourcesBuildPhase section */

/* Begin PBXSourcesBuildPhase section */
		CCB31AE12A7B369C005080A0 /* Sources */ = {
			isa = PBXSourcesBuildPhase;
			buildActionMask = 2147483647;
			files = (
				CCE65AA42A8719CA00448AD0 /* AppleSignInButton.swift in Sources */,
				CC2B79E02A986A2B00E7AF7C /* ImageManager.swift in Sources */,
				CCB31B012A7B406D005080A0 /* FeedView.swift in Sources */,
				CCB31B072A7C7BC7005080A0 /* PostModel.swift in Sources */,
				CC54516C2A85CB0000AEFC1B /* SettingsEditImageView..swift in Sources */,
				CCB31AEB2A7B369C005080A0 /* ContentView.swift in Sources */,
				CCD6C6D52A8314D50035DBBB /* SettingsLabelView.swift in Sources */,
				CCB31B0F2A7C8634005080A0 /* MessageView.swift in Sources */,
				CC35220B2A848D160008FA94 /* SettingsEditTextView.swift in Sources */,
				CCB31AFD2A7B3DCA005080A0 /* Extensions.swift in Sources */,
				CCD6C6D32A83123E0035DBBB /* SettingsView.swift in Sources */,
				CC2B79CD2A96FD2F00E7AF7C /* SignInWithApple.swift in Sources */,
				CC2B79DD2A9863D600E7AF7C /* Enums & Structs.swift in Sources */,
				CCB31B092A7C7F3D005080A0 /* PostArrayObject.swift in Sources */,
				CC2A74AC2A7DBF6B00F0A187 /* ImageGridView.swift in Sources */,
				CCB31B032A7B42BA005080A0 /* PostView.swift in Sources */,
				CCB31B132A7C8FFE005080A0 /* BrowseView.swift in Sources */,
				CC2B79DB2A98530E00E7AF7C /* AuthService.swift in Sources */,
				CCB31B112A7C8803005080A0 /* CommentModel.swift in Sources */,
				CC33D2D42A8077E900826437 /* ProfileHeaderView.swift in Sources */,
				CCE65AA62A871EA200448AD0 /* OnboardingView2.swift in Sources */,
				CC33D2D22A8075B900826437 /* ProfileView.swift in Sources */,
				CCB31B0D2A7C834B005080A0 /* CommentsView.swift in Sources */,
				CC2A74AE2A7DC7EC00F0A187 /* UploadView.swift in Sources */,
				CCE65AA02A87163E00448AD0 /* OnboardingView.swift in Sources */,
				CC2A74B02A7DD74500F0A187 /* ImagePicker.swift in Sources */,
				CCB31B152A7C90C5005080A0 /* CarouselView.swift in Sources */,
				CCD6C6D72A83196E0035DBBB /* SettingsRowView.swift in Sources */,
				CCE65AA82A87278700448AD0 /* SignUpView.swift in Sources */,
				CC90C8802A7F54AA00976FF5 /* PostImageView.swift in Sources */,
				CCD6C6D12A830D350035DBBB /* XMarkButton.swift in Sources */,
				CCB31AE92A7B369C005080A0 /* PuppyGramApp.swift in Sources */,
				CC2B79D02A9707F800E7AF7C /* SignInWithGoogle.swift in Sources */,
				CCE2B9442A8D983400D5BC70 /* LikeAnimationView.swift in Sources */,
			);
			runOnlyForDeploymentPostprocessing = 0;
		};
/* End PBXSourcesBuildPhase section */

/* Begin XCBuildConfiguration section */
		CCB31AF12A7B369E005080A0 /* Debug */ = {
			isa = XCBuildConfiguration;
			buildSettings = {
				ALWAYS_SEARCH_USER_PATHS = NO;
				CLANG_ANALYZER_NONNULL = YES;
				CLANG_ANALYZER_NUMBER_OBJECT_CONVERSION = YES_AGGRESSIVE;
				CLANG_CXX_LANGUAGE_STANDARD = "gnu++20";
				CLANG_ENABLE_MODULES = YES;
				CLANG_ENABLE_OBJC_ARC = YES;
				CLANG_ENABLE_OBJC_WEAK = YES;
				CLANG_WARN_BLOCK_CAPTURE_AUTORELEASING = YES;
				CLANG_WARN_BOOL_CONVERSION = YES;
				CLANG_WARN_COMMA = YES;
				CLANG_WARN_CONSTANT_CONVERSION = YES;
				CLANG_WARN_DEPRECATED_OBJC_IMPLEMENTATIONS = YES;
				CLANG_WARN_DIRECT_OBJC_ISA_USAGE = YES_ERROR;
				CLANG_WARN_DOCUMENTATION_COMMENTS = YES;
				CLANG_WARN_EMPTY_BODY = YES;
				CLANG_WARN_ENUM_CONVERSION = YES;
				CLANG_WARN_INFINITE_RECURSION = YES;
				CLANG_WARN_INT_CONVERSION = YES;
				CLANG_WARN_NON_LITERAL_NULL_CONVERSION = YES;
				CLANG_WARN_OBJC_IMPLICIT_RETAIN_SELF = YES;
				CLANG_WARN_OBJC_LITERAL_CONVERSION = YES;
				CLANG_WARN_OBJC_ROOT_CLASS = YES_ERROR;
				CLANG_WARN_QUOTED_INCLUDE_IN_FRAMEWORK_HEADER = YES;
				CLANG_WARN_RANGE_LOOP_ANALYSIS = YES;
				CLANG_WARN_STRICT_PROTOTYPES = YES;
				CLANG_WARN_SUSPICIOUS_MOVE = YES;
				CLANG_WARN_UNGUARDED_AVAILABILITY = YES_AGGRESSIVE;
				CLANG_WARN_UNREACHABLE_CODE = YES;
				CLANG_WARN__DUPLICATE_METHOD_MATCH = YES;
				COPY_PHASE_STRIP = NO;
				DEBUG_INFORMATION_FORMAT = dwarf;
				ENABLE_STRICT_OBJC_MSGSEND = YES;
				ENABLE_TESTABILITY = YES;
				GCC_C_LANGUAGE_STANDARD = gnu11;
				GCC_DYNAMIC_NO_PIC = NO;
				GCC_NO_COMMON_BLOCKS = YES;
				GCC_OPTIMIZATION_LEVEL = 0;
				GCC_PREPROCESSOR_DEFINITIONS = (
					"DEBUG=1",
					"$(inherited)",
				);
				GCC_WARN_64_TO_32_BIT_CONVERSION = YES;
				GCC_WARN_ABOUT_RETURN_TYPE = YES_ERROR;
				GCC_WARN_UNDECLARED_SELECTOR = YES;
				GCC_WARN_UNINITIALIZED_AUTOS = YES_AGGRESSIVE;
				GCC_WARN_UNUSED_FUNCTION = YES;
				GCC_WARN_UNUSED_VARIABLE = YES;
				IPHONEOS_DEPLOYMENT_TARGET = 16.4;
				MTL_ENABLE_DEBUG_INFO = INCLUDE_SOURCE;
				MTL_FAST_MATH = YES;
				ONLY_ACTIVE_ARCH = YES;
				SDKROOT = iphoneos;
				SWIFT_ACTIVE_COMPILATION_CONDITIONS = DEBUG;
				SWIFT_OPTIMIZATION_LEVEL = "-Onone";
			};
			name = Debug;
		};
		CCB31AF22A7B369E005080A0 /* Release */ = {
			isa = XCBuildConfiguration;
			buildSettings = {
				ALWAYS_SEARCH_USER_PATHS = NO;
				CLANG_ANALYZER_NONNULL = YES;
				CLANG_ANALYZER_NUMBER_OBJECT_CONVERSION = YES_AGGRESSIVE;
				CLANG_CXX_LANGUAGE_STANDARD = "gnu++20";
				CLANG_ENABLE_MODULES = YES;
				CLANG_ENABLE_OBJC_ARC = YES;
				CLANG_ENABLE_OBJC_WEAK = YES;
				CLANG_WARN_BLOCK_CAPTURE_AUTORELEASING = YES;
				CLANG_WARN_BOOL_CONVERSION = YES;
				CLANG_WARN_COMMA = YES;
				CLANG_WARN_CONSTANT_CONVERSION = YES;
				CLANG_WARN_DEPRECATED_OBJC_IMPLEMENTATIONS = YES;
				CLANG_WARN_DIRECT_OBJC_ISA_USAGE = YES_ERROR;
				CLANG_WARN_DOCUMENTATION_COMMENTS = YES;
				CLANG_WARN_EMPTY_BODY = YES;
				CLANG_WARN_ENUM_CONVERSION = YES;
				CLANG_WARN_INFINITE_RECURSION = YES;
				CLANG_WARN_INT_CONVERSION = YES;
				CLANG_WARN_NON_LITERAL_NULL_CONVERSION = YES;
				CLANG_WARN_OBJC_IMPLICIT_RETAIN_SELF = YES;
				CLANG_WARN_OBJC_LITERAL_CONVERSION = YES;
				CLANG_WARN_OBJC_ROOT_CLASS = YES_ERROR;
				CLANG_WARN_QUOTED_INCLUDE_IN_FRAMEWORK_HEADER = YES;
				CLANG_WARN_RANGE_LOOP_ANALYSIS = YES;
				CLANG_WARN_STRICT_PROTOTYPES = YES;
				CLANG_WARN_SUSPICIOUS_MOVE = YES;
				CLANG_WARN_UNGUARDED_AVAILABILITY = YES_AGGRESSIVE;
				CLANG_WARN_UNREACHABLE_CODE = YES;
				CLANG_WARN__DUPLICATE_METHOD_MATCH = YES;
				COPY_PHASE_STRIP = NO;
				DEBUG_INFORMATION_FORMAT = "dwarf-with-dsym";
				ENABLE_NS_ASSERTIONS = NO;
				ENABLE_STRICT_OBJC_MSGSEND = YES;
				GCC_C_LANGUAGE_STANDARD = gnu11;
				GCC_NO_COMMON_BLOCKS = YES;
				GCC_WARN_64_TO_32_BIT_CONVERSION = YES;
				GCC_WARN_ABOUT_RETURN_TYPE = YES_ERROR;
				GCC_WARN_UNDECLARED_SELECTOR = YES;
				GCC_WARN_UNINITIALIZED_AUTOS = YES_AGGRESSIVE;
				GCC_WARN_UNUSED_FUNCTION = YES;
				GCC_WARN_UNUSED_VARIABLE = YES;
				IPHONEOS_DEPLOYMENT_TARGET = 16.4;
				MTL_ENABLE_DEBUG_INFO = NO;
				MTL_FAST_MATH = YES;
				SDKROOT = iphoneos;
				SWIFT_COMPILATION_MODE = wholemodule;
				SWIFT_OPTIMIZATION_LEVEL = "-O";
				VALIDATE_PRODUCT = YES;
			};
			name = Release;
		};
		CCB31AF42A7B369E005080A0 /* Debug */ = {
			isa = XCBuildConfiguration;
			buildSettings = {
				ASSETCATALOG_COMPILER_APPICON_NAME = AppIcon;
				ASSETCATALOG_COMPILER_GLOBAL_ACCENT_COLOR_NAME = AccentColor;
				CODE_SIGN_ENTITLEMENTS = PuppyGram/PuppyGram.entitlements;
				CODE_SIGN_STYLE = Automatic;
				CURRENT_PROJECT_VERSION = 1;
				DEVELOPMENT_ASSET_PATHS = "\"PuppyGram/Preview Content\"";
				DEVELOPMENT_TEAM = 3BCLANGRR7;
				ENABLE_PREVIEWS = YES;
				GENERATE_INFOPLIST_FILE = YES;
				INFOPLIST_FILE = PuppyGram/Info.plist;
				INFOPLIST_KEY_NSCameraUsageDescription = "This app needs access to the camera.";
				INFOPLIST_KEY_NSPhotoLibraryUsageDescription = "This app needs access to the photo library.";
				INFOPLIST_KEY_UIApplicationSceneManifest_Generation = YES;
				INFOPLIST_KEY_UIApplicationSupportsIndirectInputEvents = YES;
				INFOPLIST_KEY_UILaunchScreen_Generation = YES;
				INFOPLIST_KEY_UILaunchStoryboardName = LaunchScreen.storyboard;
				INFOPLIST_KEY_UISupportedInterfaceOrientations = UIInterfaceOrientationPortrait;
				LD_RUNPATH_SEARCH_PATHS = (
					"$(inherited)",
					"@executable_path/Frameworks",
				);
				MARKETING_VERSION = 1.0;
				PRODUCT_BUNDLE_IDENTIFIER = com.ohunmamajon.PuppyGram;
				PRODUCT_NAME = "$(TARGET_NAME)";
				SUPPORTED_PLATFORMS = "iphoneos iphonesimulator";
				SUPPORTS_MACCATALYST = NO;
				SUPPORTS_MAC_DESIGNED_FOR_IPHONE_IPAD = NO;
				SWIFT_EMIT_LOC_STRINGS = YES;
				SWIFT_VERSION = 5.0;
				TARGETED_DEVICE_FAMILY = "1,2";
			};
			name = Debug;
		};
		CCB31AF52A7B369E005080A0 /* Release */ = {
			isa = XCBuildConfiguration;
			buildSettings = {
				ASSETCATALOG_COMPILER_APPICON_NAME = AppIcon;
				ASSETCATALOG_COMPILER_GLOBAL_ACCENT_COLOR_NAME = AccentColor;
				CODE_SIGN_ENTITLEMENTS = PuppyGram/PuppyGram.entitlements;
				CODE_SIGN_STYLE = Automatic;
				CURRENT_PROJECT_VERSION = 1;
				DEVELOPMENT_ASSET_PATHS = "\"PuppyGram/Preview Content\"";
				DEVELOPMENT_TEAM = 3BCLANGRR7;
				ENABLE_PREVIEWS = YES;
				GENERATE_INFOPLIST_FILE = YES;
				INFOPLIST_FILE = PuppyGram/Info.plist;
				INFOPLIST_KEY_NSCameraUsageDescription = "This app needs access to the camera.";
				INFOPLIST_KEY_NSPhotoLibraryUsageDescription = "This app needs access to the photo library.";
				INFOPLIST_KEY_UIApplicationSceneManifest_Generation = YES;
				INFOPLIST_KEY_UIApplicationSupportsIndirectInputEvents = YES;
				INFOPLIST_KEY_UILaunchScreen_Generation = YES;
				INFOPLIST_KEY_UILaunchStoryboardName = LaunchScreen.storyboard;
				INFOPLIST_KEY_UISupportedInterfaceOrientations = UIInterfaceOrientationPortrait;
				LD_RUNPATH_SEARCH_PATHS = (
					"$(inherited)",
					"@executable_path/Frameworks",
				);
				MARKETING_VERSION = 1.0;
				PRODUCT_BUNDLE_IDENTIFIER = com.ohunmamajon.PuppyGram;
				PRODUCT_NAME = "$(TARGET_NAME)";
				SUPPORTED_PLATFORMS = "iphoneos iphonesimulator";
				SUPPORTS_MACCATALYST = NO;
				SUPPORTS_MAC_DESIGNED_FOR_IPHONE_IPAD = NO;
				SWIFT_EMIT_LOC_STRINGS = YES;
				SWIFT_VERSION = 5.0;
				TARGETED_DEVICE_FAMILY = "1,2";
			};
			name = Release;
		};
/* End XCBuildConfiguration section */

/* Begin XCConfigurationList section */
		CCB31AE02A7B369C005080A0 /* Build configuration list for PBXProject "PuppyGram" */ = {
			isa = XCConfigurationList;
			buildConfigurations = (
				CCB31AF12A7B369E005080A0 /* Debug */,
				CCB31AF22A7B369E005080A0 /* Release */,
			);
			defaultConfigurationIsVisible = 0;
			defaultConfigurationName = Release;
		};
		CCB31AF32A7B369E005080A0 /* Build configuration list for PBXNativeTarget "PuppyGram" */ = {
			isa = XCConfigurationList;
			buildConfigurations = (
				CCB31AF42A7B369E005080A0 /* Debug */,
				CCB31AF52A7B369E005080A0 /* Release */,
			);
			defaultConfigurationIsVisible = 0;
			defaultConfigurationName = Release;
		};
/* End XCConfigurationList section */

/* Begin XCRemoteSwiftPackageReference section */
		CC2B79BF2A96F8A300E7AF7C /* XCRemoteSwiftPackageReference "firebase-ios-sdk" */ = {
			isa = XCRemoteSwiftPackageReference;
			repositoryURL = "https://github.com/firebase/firebase-ios-sdk";
			requirement = {
				kind = upToNextMajorVersion;
				minimumVersion = 10.0.0;
			};
		};
		CC2B79D12A97088800E7AF7C /* XCRemoteSwiftPackageReference "GoogleSignIn-iOS" */ = {
			isa = XCRemoteSwiftPackageReference;
			repositoryURL = "https://github.com/google/GoogleSignIn-iOS";
			requirement = {
				kind = upToNextMajorVersion;
				minimumVersion = 7.0.0;
			};
		};
/* End XCRemoteSwiftPackageReference section */

/* Begin XCSwiftPackageProductDependency section */
		CC2B79C02A96F8A300E7AF7C /* FirebaseAnalytics */ = {
			isa = XCSwiftPackageProductDependency;
			package = CC2B79BF2A96F8A300E7AF7C /* XCRemoteSwiftPackageReference "firebase-ios-sdk" */;
			productName = FirebaseAnalytics;
		};
		CC2B79C22A96F8A300E7AF7C /* FirebaseAuth */ = {
			isa = XCSwiftPackageProductDependency;
			package = CC2B79BF2A96F8A300E7AF7C /* XCRemoteSwiftPackageReference "firebase-ios-sdk" */;
			productName = FirebaseAuth;
		};
		CC2B79C42A96F8A300E7AF7C /* FirebaseFirestore */ = {
			isa = XCSwiftPackageProductDependency;
			package = CC2B79BF2A96F8A300E7AF7C /* XCRemoteSwiftPackageReference "firebase-ios-sdk" */;
			productName = FirebaseFirestore;
		};
		CC2B79C62A96F8A300E7AF7C /* FirebaseFirestoreSwift */ = {
			isa = XCSwiftPackageProductDependency;
			package = CC2B79BF2A96F8A300E7AF7C /* XCRemoteSwiftPackageReference "firebase-ios-sdk" */;
			productName = FirebaseFirestoreSwift;
		};
		CC2B79C82A96F8A300E7AF7C /* FirebaseStorage */ = {
			isa = XCSwiftPackageProductDependency;
			package = CC2B79BF2A96F8A300E7AF7C /* XCRemoteSwiftPackageReference "firebase-ios-sdk" */;
			productName = FirebaseStorage;
		};
		CC2B79D22A97088800E7AF7C /* GoogleSignIn */ = {
			isa = XCSwiftPackageProductDependency;
			package = CC2B79D12A97088800E7AF7C /* XCRemoteSwiftPackageReference "GoogleSignIn-iOS" */;
			productName = GoogleSignIn;
		};
		CC2B79D42A97088800E7AF7C /* GoogleSignInSwift */ = {
			isa = XCSwiftPackageProductDependency;
			package = CC2B79D12A97088800E7AF7C /* XCRemoteSwiftPackageReference "GoogleSignIn-iOS" */;
			productName = GoogleSignInSwift;
		};
/* End XCSwiftPackageProductDependency section */
	};
	rootObject = CCB31ADD2A7B369C005080A0 /* Project object */;
}
